
Microsoft Visual Studio Solution File, Format Version 12.00
# Visual Studio Version 16
VisualStudioVersion = 16.0.30503.244
MinimumVisualStudioVersion = 10.0.40219.1
Project("{FAE04EC0-301F-11D3-BF4B-00C04F79EFBC}") = "BMI Calculator", "BMI Calculator.csproj", "{B66B91A7-5C24-49E8-AAFE-720A31656718}"
EndProject
Global
	GlobalSection(SolutionConfigurationPlatforms) = preSolution
		Debug|Any CPU = Debug|Any CPU
		Release|Any CPU = Release|Any CPU
	EndGlobalSection
	GlobalSection(ProjectConfigurationPlatforms) = postSolution
		{B66B91A7-5C24-49E8-AAFE-720A31656718}.Debug|Any CPU.ActiveCfg = Debug|Any CPU
		{B66B91A7-5C24-49E8-AAFE-720A31656718}.Debug|Any CPU.Build.0 = Debug|Any CPU
		{B66B91A7-5C24-49E8-AAFE-720A31656718}.Release|Any CPU.ActiveCfg = Release|Any CPU
		{B66B91A7-5C24-49E8-AAFE-720A31656718}.Release|Any CPU.Build.0 = Release|Any CPU
	EndGlobalSection
	GlobalSection(SolutionProperties) = preSolution
		HideSolutionNode = FALSE
	EndGlobalSection
	GlobalSection(ExtensibilityGlobals) = postSolution
		SolutionGuid = {8135FCF0-2F06-4F98-B0EA-6995D9B1854D}
	EndGlobalSection
EndGlobal
